PODS:
  - JXScrollableSegmentedControl (0.1.2)

DEPENDENCIES:
  - JXScrollableSegmentedControl (from `../`)

EXTERNAL SOURCES:
  JXScrollableSegmentedControl:
    :path: "../"

SPEC CHECKSUMS:
  JXScrollableSegmentedControl: cb688e65f3e0772d81c694b592f65f535f974b97

PODFILE CHECKSUM: ba36651d4124a3edd7da9d5fbc45677de355b353

COCOAPODS: 1.12.0
