PODS:
  - JXScrollableSegmentedControl (0.1.1)

DEPENDENCIES:
  - JXScrollableSegmentedControl (from `../`)

EXTERNAL SOURCES:
  JXScrollableSegmentedControl:
    :path: "../"

SPEC CHECKSUMS:
  JXScrollableSegmentedControl: ad317e41996a988e607fdcc470dec115f4ba4291

PODFILE CHECKSUM: ba36651d4124a3edd7da9d5fbc45677de355b353

COCOAPODS: 1.11.2
